
Microsoft Visual Studio Solution File, Format Version 12.00
# Visual Studio Version 17
VisualStudioVersion = 17.9.34607.119
MinimumVisualStudioVersion = 10.0.40219.1
Project("{8BC9CEB8-8B4A-11D0-8D11-00A0C91BC942}") = "ConsoleDebugDll", "ConsoleDebugDll\ConsoleDebugDll.vcxproj", "{581DCEBA-1F8F-49D4-BE52-C1EA3CE469BC}"
EndProject
Project("{8BC9CEB8-8B4A-11D0-8D11-00A0C91BC942}") = "withdll", "withdll\withdll.vcxproj", "{BABC1150-C131-4370-A8F4-AB4877B227A0}"
EndProject
Project("{8BC9CEB8-8B4A-11D0-8D11-00A0C91BC942}") = "Test", "Test\Test.vcxproj", "{06F4878A-F266-4486-BA56-32FED679A21F}"
EndProject
Global
	GlobalSection(SolutionConfigurationPlatforms) = preSolution
		Debug|x64 = Debug|x64
		Debug|x86 = Debug|x86
		Release|x64 = Release|x64
		Release|x86 = Release|x86
	EndGlobalSection
	GlobalSection(ProjectConfigurationPlatforms) = postSolution
		{581DCEBA-1F8F-49D4-BE52-C1EA3CE469BC}.Debug|x64.ActiveCfg = Debug|x64
		{581DCEBA-1F8F-49D4-BE52-C1EA3CE469BC}.Debug|x64.Build.0 = Debug|x64
		{581DCEBA-1F8F-49D4-BE52-C1EA3CE469BC}.Debug|x86.ActiveCfg = Debug|x64
		{581DCEBA-1F8F-49D4-BE52-C1EA3CE469BC}.Debug|x86.Build.0 = Debug|x64
		{581DCEBA-1F8F-49D4-BE52-C1EA3CE469BC}.Release|x64.ActiveCfg = Release|x64
		{581DCEBA-1F8F-49D4-BE52-C1EA3CE469BC}.Release|x64.Build.0 = Release|x64
		{581DCEBA-1F8F-49D4-BE52-C1EA3CE469BC}.Release|x86.ActiveCfg = Release|Win32
		{581DCEBA-1F8F-49D4-BE52-C1EA3CE469BC}.Release|x86.Build.0 = Release|Win32
		{BABC1150-C131-4370-A8F4-AB4877B227A0}.Debug|x64.ActiveCfg = Debug|x64
		{BABC1150-C131-4370-A8F4-AB4877B227A0}.Debug|x64.Build.0 = Debug|x64
		{BABC1150-C131-4370-A8F4-AB4877B227A0}.Debug|x86.ActiveCfg = Debug|x64
		{BABC1150-C131-4370-A8F4-AB4877B227A0}.Debug|x86.Build.0 = Debug|x64
		{BABC1150-C131-4370-A8F4-AB4877B227A0}.Release|x64.ActiveCfg = Release|x64
		{BABC1150-C131-4370-A8F4-AB4877B227A0}.Release|x64.Build.0 = Release|x64
		{BABC1150-C131-4370-A8F4-AB4877B227A0}.Release|x86.ActiveCfg = Release|Win32
		{BABC1150-C131-4370-A8F4-AB4877B227A0}.Release|x86.Build.0 = Release|Win32
		{06F4878A-F266-4486-BA56-32FED679A21F}.Debug|x64.ActiveCfg = Debug|x64
		{06F4878A-F266-4486-BA56-32FED679A21F}.Debug|x64.Build.0 = Debug|x64
		{06F4878A-F266-4486-BA56-32FED679A21F}.Debug|x86.ActiveCfg = Debug|Win32
		{06F4878A-F266-4486-BA56-32FED679A21F}.Debug|x86.Build.0 = Debug|Win32
		{06F4878A-F266-4486-BA56-32FED679A21F}.Release|x64.ActiveCfg = Release|x64
		{06F4878A-F266-4486-BA56-32FED679A21F}.Release|x64.Build.0 = Release|x64
		{06F4878A-F266-4486-BA56-32FED679A21F}.Release|x86.ActiveCfg = Release|Win32
		{06F4878A-F266-4486-BA56-32FED679A21F}.Release|x86.Build.0 = Release|Win32
	EndGlobalSection
	GlobalSection(SolutionProperties) = preSolution
		HideSolutionNode = FALSE
	EndGlobalSection
	GlobalSection(ExtensibilityGlobals) = postSolution
		SolutionGuid = {32077938-8A24-41BF-B8B6-AE220D3B67A4}
	EndGlobalSection
EndGlobal
